// !$*UTF8*$!
{
	archiveVersion = 1;
	classes = {
	};
	objectVersion = 56;
	objects = {

/* Begin PBXBuildFile section */
		D21538E22AC99C160012C2CE /* Localizable.strings in Resources */ = {isa = PBXBuildFile; fileRef = D21538E42AC99C160012C2CE /* Localizable.strings */; };
		D21538E72AC99CC10012C2CE /* Nuke in Frameworks */ = {isa = PBXBuildFile; productRef = D21538E62AC99CC10012C2CE /* Nuke */; };
		D21538E92AC99CC10012C2CE /* NukeExtensions in Frameworks */ = {isa = PBXBuildFile; productRef = D21538E82AC99CC10012C2CE /* NukeExtensions */; };
		D26BC7732AC94EAC0022BF78 /* HomeViewController+QiitaArticleView.swift in Sources */ = {isa = PBXBuildFile; fileRef = D26BC7722AC94EAC0022BF78 /* HomeViewController+QiitaArticleView.swift */; };
		D27C763B2AD1383700A1348A /* UIFont+Util.swift in Sources */ = {isa = PBXBuildFile; fileRef = D27C763A2AD1383700A1348A /* UIFont+Util.swift */; };
		D27C763D2AD1396000A1348A /* UIImageView+Util.swift in Sources */ = {isa = PBXBuildFile; fileRef = D27C763C2AD1396000A1348A /* UIImageView+Util.swift */; };
		D27C763F2AD13E3600A1348A /* HomeViewController+QiitaArticleCell.swift in Sources */ = {isa = PBXBuildFile; fileRef = D27C763E2AD13E3600A1348A /* HomeViewController+QiitaArticleCell.swift */; };
		D2CC3B432AC93C66002A2783 /* AppDelegate.swift in Sources */ = {isa = PBXBuildFile; fileRef = D2CC3B422AC93C66002A2783 /* AppDelegate.swift */; };
		D2CC3B452AC93C66002A2783 /* SceneDelegate.swift in Sources */ = {isa = PBXBuildFile; fileRef = D2CC3B442AC93C66002A2783 /* SceneDelegate.swift */; };
		D2CC3B4A2AC93C66002A2783 /* Main.storyboard in Resources */ = {isa = PBXBuildFile; fileRef = D2CC3B482AC93C66002A2783 /* Main.storyboard */; };
		D2CC3B4C2AC93C6D002A2783 /* Assets.xcassets in Resources */ = {isa = PBXBuildFile; fileRef = D2CC3B4B2AC93C6D002A2783 /* Assets.xcassets */; };
		D2CC3B4F2AC93C6D002A2783 /* LaunchScreen.storyboard in Resources */ = {isa = PBXBuildFile; fileRef = D2CC3B4D2AC93C6D002A2783 /* LaunchScreen.storyboard */; };
		D2CC3B5C2AC93D65002A2783 /* HomeViewController.swift in Sources */ = {isa = PBXBuildFile; fileRef = D2CC3B5B2AC93D65002A2783 /* HomeViewController.swift */; };
		D2CC3B5E2AC93E0E002A2783 /* HomeViewModel.swift in Sources */ = {isa = PBXBuildFile; fileRef = D2CC3B5D2AC93E0E002A2783 /* HomeViewModel.swift */; };
		D2CC3B642AC93F08002A2783 /* QiitaApiClient.swift in Sources */ = {isa = PBXBuildFile; fileRef = D2CC3B632AC93F08002A2783 /* QiitaApiClient.swift */; };
		D2CC3B662AC93F92002A2783 /* QiitaArticleEntity.swift in Sources */ = {isa = PBXBuildFile; fileRef = D2CC3B652AC93F92002A2783 /* QiitaArticleEntity.swift */; };
		D2CC3B692AC9409E002A2783 /* UserEntity.swift in Sources */ = {isa = PBXBuildFile; fileRef = D2CC3B682AC9409E002A2783 /* UserEntity.swift */; };
		D2CC3B6B2AC940F7002A2783 /* TagEntity.swift in Sources */ = {isa = PBXBuildFile; fileRef = D2CC3B6A2AC940F7002A2783 /* TagEntity.swift */; };
		D2CC3B6F2AC94588002A2783 /* Converter.swift in Sources */ = {isa = PBXBuildFile; fileRef = D2CC3B6E2AC94588002A2783 /* Converter.swift */; };
		D2CC3B712AC945A9002A2783 /* QiitaArticleModel.swift in Sources */ = {isa = PBXBuildFile; fileRef = D2CC3B702AC945A9002A2783 /* QiitaArticleModel.swift */; };
		D2CC3B732AC945B8002A2783 /* UserModel.swift in Sources */ = {isa = PBXBuildFile; fileRef = D2CC3B722AC945B8002A2783 /* UserModel.swift */; };
		D2CC3B752AC945C1002A2783 /* TagModel.swift in Sources */ = {isa = PBXBuildFile; fileRef = D2CC3B742AC945C1002A2783 /* TagModel.swift */; };
		D2CC3B792AC946D0002A2783 /* QiitaRepository.swift in Sources */ = {isa = PBXBuildFile; fileRef = D2CC3B782AC946D0002A2783 /* QiitaRepository.swift */; };
/* End PBXBuildFile section */

/* Begin PBXFileReference section */
		D21538DE2AC99BBE0012C2CE /* ja */ = {isa = PBXFileReference; lastKnownFileType = text.plist.strings; name = ja; path = ja.lproj/Main.strings; sourceTree = "<group>"; };
		D21538DF2AC99BBE0012C2CE /* ja */ = {isa = PBXFileReference; lastKnownFileType = text.plist.strings; name = ja; path = ja.lproj/LaunchScreen.strings; sourceTree = "<group>"; };
		D21538E32AC99C160012C2CE /* ja */ = {isa = PBXFileReference; lastKnownFileType = text.plist.strings; name = ja; path = ja.lproj/Localizable.strings; sourceTree = "<group>"; };
		D26BC7722AC94EAC0022BF78 /* HomeViewController+QiitaArticleView.swift */ = {isa = PBXFileReference; lastKnownFileType = sourcecode.swift; path = "HomeViewController+QiitaArticleView.swift"; sourceTree = "<group>"; };
		D27C763A2AD1383700A1348A /* UIFont+Util.swift */ = {isa = PBXFileReference; lastKnownFileType = sourcecode.swift; path = "UIFont+Util.swift"; sourceTree = "<group>"; };
		D27C763C2AD1396000A1348A /* UIImageView+Util.swift */ = {isa = PBXFileReference; lastKnownFileType = sourcecode.swift; path = "UIImageView+Util.swift"; sourceTree = "<group>"; };
		D27C763E2AD13E3600A1348A /* HomeViewController+QiitaArticleCell.swift */ = {isa = PBXFileReference; lastKnownFileType = sourcecode.swift; path = "HomeViewController+QiitaArticleCell.swift"; sourceTree = "<group>"; };
		D2CC3B3F2AC93C66002A2783 /* QiitaSearchIOSApp.app */ = {isa = PBXFileReference; explicitFileType = wrapper.application; includeInIndex = 0; path = QiitaSearchIOSApp.app; sourceTree = BUILT_PRODUCTS_DIR; };
		D2CC3B422AC93C66002A2783 /* AppDelegate.swift */ = {isa = PBXFileReference; lastKnownFileType = sourcecode.swift; path = AppDelegate.swift; sourceTree = "<group>"; };
		D2CC3B442AC93C66002A2783 /* SceneDelegate.swift */ = {isa = PBXFileReference; lastKnownFileType = sourcecode.swift; path = SceneDelegate.swift; sourceTree = "<group>"; };
		D2CC3B492AC93C66002A2783 /* Base */ = {isa = PBXFileReference; lastKnownFileType = file.storyboard; name = Base; path = Base.lproj/Main.storyboard; sourceTree = "<group>"; };
		D2CC3B4B2AC93C6D002A2783 /* Assets.xcassets */ = {isa = PBXFileReference; lastKnownFileType = folder.assetcatalog; path = Assets.xcassets; sourceTree = "<group>"; };
		D2CC3B4E2AC93C6D002A2783 /* Base */ = {isa = PBXFileReference; lastKnownFileType = file.storyboard; name = Base; path = Base.lproj/LaunchScreen.storyboard; sourceTree = "<group>"; };
		D2CC3B502AC93C6D002A2783 /* Info.plist */ = {isa = PBXFileReference; lastKnownFileType = text.plist.xml; path = Info.plist; sourceTree = "<group>"; };
		D2CC3B5B2AC93D65002A2783 /* HomeViewController.swift */ = {isa = PBXFileReference; lastKnownFileType = sourcecode.swift; path = HomeViewController.swift; sourceTree = "<group>"; };
		D2CC3B5D2AC93E0E002A2783 /* HomeViewModel.swift */ = {isa = PBXFileReference; lastKnownFileType = sourcecode.swift; path = HomeViewModel.swift; sourceTree = "<group>"; };
		D2CC3B632AC93F08002A2783 /* QiitaApiClient.swift */ = {isa = PBXFileReference; lastKnownFileType = sourcecode.swift; path = QiitaApiClient.swift; sourceTree = "<group>"; };
		D2CC3B652AC93F92002A2783 /* QiitaArticleEntity.swift */ = {isa = PBXFileReference; lastKnownFileType = sourcecode.swift; path = QiitaArticleEntity.swift; sourceTree = "<group>"; };
		D2CC3B682AC9409E002A2783 /* UserEntity.swift */ = {isa = PBXFileReference; lastKnownFileType = sourcecode.swift; path = UserEntity.swift; sourceTree = "<group>"; };
		D2CC3B6A2AC940F7002A2783 /* TagEntity.swift */ = {isa = PBXFileReference; lastKnownFileType = sourcecode.swift; path = TagEntity.swift; sourceTree = "<group>"; };
		D2CC3B6E2AC94588002A2783 /* Converter.swift */ = {isa = PBXFileReference; lastKnownFileType = sourcecode.swift; path = Converter.swift; sourceTree = "<group>"; };
		D2CC3B702AC945A9002A2783 /* QiitaArticleModel.swift */ = {isa = PBXFileReference; lastKnownFileType = sourcecode.swift; path = QiitaArticleModel.swift; sourceTree = "<group>"; };
		D2CC3B722AC945B8002A2783 /* UserModel.swift */ = {isa = PBXFileReference; lastKnownFileType = sourcecode.swift; path = UserModel.swift; sourceTree = "<group>"; };
		D2CC3B742AC945C1002A2783 /* TagModel.swift */ = {isa = PBXFileReference; lastKnownFileType = sourcecode.swift; path = TagModel.swift; sourceTree = "<group>"; };
		D2CC3B782AC946D0002A2783 /* QiitaRepository.swift */ = {isa = PBXFileReference; lastKnownFileType = sourcecode.swift; path = QiitaRepository.swift; sourceTree = "<group>"; };
/* End PBXFileReference section */

/* Begin PBXFrameworksBuildPhase section */
		D2CC3B3C2AC93C66002A2783 /* Frameworks */ = {
			isa = PBXFrameworksBuildPhase;
			buildActionMask = 2147483647;
			files = (
				D21538E72AC99CC10012C2CE /* Nuke in Frameworks */,
				D21538E92AC99CC10012C2CE /* NukeExtensions in Frameworks */,
			);
			runOnlyForDeploymentPostprocessing = 0;
		};
/* End PBXFrameworksBuildPhase section */

/* Begin PBXGroup section */
		D27C76402AD1412800A1348A /* View */ = {
			isa = PBXGroup;
			children = (
			);
			path = View;
			sourceTree = "<group>";
		};
		D2CC3B362AC93C66002A2783 = {
			isa = PBXGroup;
			children = (
				D21538E42AC99C160012C2CE /* Localizable.strings */,
				D2CC3B412AC93C66002A2783 /* QiitaSearchIOSApp */,
				D2CC3B402AC93C66002A2783 /* Products */,
			);
			sourceTree = "<group>";
		};
		D2CC3B402AC93C66002A2783 /* Products */ = {
			isa = PBXGroup;
			children = (
				D2CC3B3F2AC93C66002A2783 /* QiitaSearchIOSApp.app */,
			);
			name = Products;
			sourceTree = "<group>";
		};
		D2CC3B412AC93C66002A2783 /* QiitaSearchIOSApp */ = {
			isa = PBXGroup;
			children = (
				D27C76402AD1412800A1348A /* View */,
				D2CC3B772AC946C4002A2783 /* Repository */,
				D2CC3B622AC93EF0002A2783 /* API */,
				D2CC3B5A2AC93D55002A2783 /* Model */,
				D2CC3B582AC93D28002A2783 /* Utility */,
				D2CC3B562AC93D16002A2783 /* ViewController */,
				D2CC3B422AC93C66002A2783 /* AppDelegate.swift */,
				D2CC3B442AC93C66002A2783 /* SceneDelegate.swift */,
				D2CC3B482AC93C66002A2783 /* Main.storyboard */,
				D2CC3B4B2AC93C6D002A2783 /* Assets.xcassets */,
				D2CC3B4D2AC93C6D002A2783 /* LaunchScreen.storyboard */,
				D2CC3B502AC93C6D002A2783 /* Info.plist */,
			);
			path = QiitaSearchIOSApp;
			sourceTree = "<group>";
		};
		D2CC3B562AC93D16002A2783 /* ViewController */ = {
			isa = PBXGroup;
			children = (
				D2CC3B5F2AC93EB8002A2783 /* Home */,
			);
			path = ViewController;
			sourceTree = "<group>";
		};
		D2CC3B582AC93D28002A2783 /* Utility */ = {
			isa = PBXGroup;
			children = (
				D27C763A2AD1383700A1348A /* UIFont+Util.swift */,
				D27C763C2AD1396000A1348A /* UIImageView+Util.swift */,
			);
			path = Utility;
			sourceTree = "<group>";
		};
		D2CC3B5A2AC93D55002A2783 /* Model */ = {
			isa = PBXGroup;
			children = (
				D2CC3B702AC945A9002A2783 /* QiitaArticleModel.swift */,
				D2CC3B722AC945B8002A2783 /* UserModel.swift */,
				D2CC3B742AC945C1002A2783 /* TagModel.swift */,
			);
			path = Model;
			sourceTree = "<group>";
		};
		D2CC3B5F2AC93EB8002A2783 /* Home */ = {
			isa = PBXGroup;
			children = (
				D26BC7722AC94EAC0022BF78 /* HomeViewController+QiitaArticleView.swift */,
				D2CC3B5B2AC93D65002A2783 /* HomeViewController.swift */,
				D27C763E2AD13E3600A1348A /* HomeViewController+QiitaArticleCell.swift */,
				D2CC3B5D2AC93E0E002A2783 /* HomeViewModel.swift */,
			);
			path = Home;
			sourceTree = "<group>";
		};
		D2CC3B622AC93EF0002A2783 /* API */ = {
			isa = PBXGroup;
			children = (
				D2CC3B672AC94092002A2783 /* Entity */,
				D2CC3B632AC93F08002A2783 /* QiitaApiClient.swift */,
				D2CC3B6E2AC94588002A2783 /* Converter.swift */,
			);
			path = API;
			sourceTree = "<group>";
		};
		D2CC3B672AC94092002A2783 /* Entity */ = {
			isa = PBXGroup;
			children = (
				D2CC3B652AC93F92002A2783 /* QiitaArticleEntity.swift */,
				D2CC3B6A2AC940F7002A2783 /* TagEntity.swift */,
				D2CC3B682AC9409E002A2783 /* UserEntity.swift */,
			);
			path = Entity;
			sourceTree = "<group>";
		};
		D2CC3B772AC946C4002A2783 /* Repository */ = {
			isa = PBXGroup;
			children = (
				D2CC3B782AC946D0002A2783 /* QiitaRepository.swift */,
			);
			path = Repository;
			sourceTree = "<group>";
		};
/* End PBXGroup section */

/* Begin PBXNativeTarget section */
		D2CC3B3E2AC93C66002A2783 /* QiitaSearchIOSApp */ = {
			isa = PBXNativeTarget;
			buildConfigurationList = D2CC3B532AC93C6D002A2783 /* Build configuration list for PBXNativeTarget "QiitaSearchIOSApp" */;
			buildPhases = (
				D2CC3B3B2AC93C66002A2783 /* Sources */,
				D2CC3B3C2AC93C66002A2783 /* Frameworks */,
				D2CC3B3D2AC93C66002A2783 /* Resources */,
			);
			buildRules = (
			);
			dependencies = (
			);
			name = QiitaSearchIOSApp;
			packageProductDependencies = (
				D21538E62AC99CC10012C2CE /* Nuke */,
				D21538E82AC99CC10012C2CE /* NukeExtensions */,
			);
			productName = QiitaSearchIOSApp;
			productReference = D2CC3B3F2AC93C66002A2783 /* QiitaSearchIOSApp.app */;
			productType = "com.apple.product-type.application";
		};
/* End PBXNativeTarget section */

/* Begin PBXProject section */
		D2CC3B372AC93C66002A2783 /* Project object */ = {
			isa = PBXProject;
			attributes = {
				BuildIndependentTargetsInParallel = 1;
				LastSwiftUpdateCheck = 1430;
				LastUpgradeCheck = 1430;
				TargetAttributes = {
					D2CC3B3E2AC93C66002A2783 = {
						CreatedOnToolsVersion = 14.3.1;
					};
				};
			};
			buildConfigurationList = D2CC3B3A2AC93C66002A2783 /* Build configuration list for PBXProject "QiitaSearchIOSApp" */;
			compatibilityVersion = "Xcode 14.0";
			developmentRegion = en;
			hasScannedForEncodings = 0;
			knownRegions = (
				en,
				Base,
				ja,
			);
			mainGroup = D2CC3B362AC93C66002A2783;
			packageReferences = (
				D21538E52AC99CC10012C2CE /* XCRemoteSwiftPackageReference "Nuke" */,
			);
			productRefGroup = D2CC3B402AC93C66002A2783 /* Products */;
			projectDirPath = "";
			projectRoot = "";
			targets = (
				D2CC3B3E2AC93C66002A2783 /* QiitaSearchIOSApp */,
			);
		};
/* End PBXProject section */

/* Begin PBXResourcesBuildPhase section */
		D2CC3B3D2AC93C66002A2783 /* Resources */ = {
			isa = PBXResourcesBuildPhase;
			buildActionMask = 2147483647;
			files = (
				D2CC3B4F2AC93C6D002A2783 /* LaunchScreen.storyboard in Resources */,
				D21538E22AC99C160012C2CE /* Localizable.strings in Resources */,
				D2CC3B4C2AC93C6D002A2783 /* Assets.xcassets in Resources */,
				D2CC3B4A2AC93C66002A2783 /* Main.storyboard in Resources */,
			);
			runOnlyForDeploymentPostprocessing = 0;
		};
/* End PBXResourcesBuildPhase section */

/* Begin PBXSourcesBuildPhase section */
		D2CC3B3B2AC93C66002A2783 /* Sources */ = {
			isa = PBXSourcesBuildPhase;
			buildActionMask = 2147483647;
			files = (
				D2CC3B642AC93F08002A2783 /* QiitaApiClient.swift in Sources */,
				D27C763F2AD13E3600A1348A /* HomeViewController+QiitaArticleCell.swift in Sources */,
				D2CC3B6F2AC94588002A2783 /* Converter.swift in Sources */,
				D2CC3B432AC93C66002A2783 /* AppDelegate.swift in Sources */,
				D27C763D2AD1396000A1348A /* UIImageView+Util.swift in Sources */,
				D2CC3B732AC945B8002A2783 /* UserModel.swift in Sources */,
				D2CC3B692AC9409E002A2783 /* UserEntity.swift in Sources */,
				D2CC3B662AC93F92002A2783 /* QiitaArticleEntity.swift in Sources */,
				D2CC3B752AC945C1002A2783 /* TagModel.swift in Sources */,
				D2CC3B712AC945A9002A2783 /* QiitaArticleModel.swift in Sources */,
				D2CC3B792AC946D0002A2783 /* QiitaRepository.swift in Sources */,
				D27C763B2AD1383700A1348A /* UIFont+Util.swift in Sources */,
				D26BC7732AC94EAC0022BF78 /* HomeViewController+QiitaArticleView.swift in Sources */,
				D2CC3B452AC93C66002A2783 /* SceneDelegate.swift in Sources */,
				D2CC3B6B2AC940F7002A2783 /* TagEntity.swift in Sources */,
				D2CC3B5E2AC93E0E002A2783 /* HomeViewModel.swift in Sources */,
				D2CC3B5C2AC93D65002A2783 /* HomeViewController.swift in Sources */,
			);
			runOnlyForDeploymentPostprocessing = 0;
		};
/* End PBXSourcesBuildPhase section */

/* Begin PBXVariantGroup section */
		D21538E42AC99C160012C2CE /* Localizable.strings */ = {
			isa = PBXVariantGroup;
			children = (
				D21538E32AC99C160012C2CE /* ja */,
			);
			name = Localizable.strings;
			sourceTree = "<group>";
		};
		D2CC3B482AC93C66002A2783 /* Main.storyboard */ = {
			isa = PBXVariantGroup;
			children = (
				D2CC3B492AC93C66002A2783 /* Base */,
				D21538DE2AC99BBE0012C2CE /* ja */,
			);
			name = Main.storyboard;
			sourceTree = "<group>";
		};
		D2CC3B4D2AC93C6D002A2783 /* LaunchScreen.storyboard */ = {
			isa = PBXVariantGroup;
			children = (
				D2CC3B4E2AC93C6D002A2783 /* Base */,
				D21538DF2AC99BBE0012C2CE /* ja */,
			);
			name = LaunchScreen.storyboard;
			sourceTree = "<group>";
		};
/* End PBXVariantGroup section */

/* Begin XCBuildConfiguration section */
		D2CC3B512AC93C6D002A2783 /* Debug */ = {
			isa = XCBuildConfiguration;
			buildSettings = {
				ALWAYS_SEARCH_USER_PATHS = NO;
				CLANG_ANALYZER_LOCALIZABILITY_NONLOCALIZED = YES;
				CLANG_ANALYZER_NONNULL = YES;
				CLANG_ANALYZER_NUMBER_OBJECT_CONVERSION = YES_AGGRESSIVE;
				CLANG_CXX_LANGUAGE_STANDARD = "gnu++20";
				CLANG_ENABLE_MODULES = YES;
				CLANG_ENABLE_OBJC_ARC = YES;
				CLANG_ENABLE_OBJC_WEAK = YES;
				CLANG_WARN_BLOCK_CAPTURE_AUTORELEASING = YES;
				CLANG_WARN_BOOL_CONVERSION = YES;
				CLANG_WARN_COMMA = YES;
				CLANG_WARN_CONSTANT_CONVERSION = YES;
				CLANG_WARN_DEPRECATED_OBJC_IMPLEMENTATIONS = YES;
				CLANG_WARN_DIRECT_OBJC_ISA_USAGE = YES_ERROR;
				CLANG_WARN_DOCUMENTATION_COMMENTS = YES;
				CLANG_WARN_EMPTY_BODY = YES;
				CLANG_WARN_ENUM_CONVERSION = YES;
				CLANG_WARN_INFINITE_RECURSION = YES;
				CLANG_WARN_INT_CONVERSION = YES;
				CLANG_WARN_NON_LITERAL_NULL_CONVERSION = YES;
				CLANG_WARN_OBJC_IMPLICIT_RETAIN_SELF = YES;
				CLANG_WARN_OBJC_LITERAL_CONVERSION = YES;
				CLANG_WARN_OBJC_ROOT_CLASS = YES_ERROR;
				CLANG_WARN_QUOTED_INCLUDE_IN_FRAMEWORK_HEADER = YES;
				CLANG_WARN_RANGE_LOOP_ANALYSIS = YES;
				CLANG_WARN_STRICT_PROTOTYPES = YES;
				CLANG_WARN_SUSPICIOUS_MOVE = YES;
				CLANG_WARN_UNGUARDED_AVAILABILITY = YES_AGGRESSIVE;
				CLANG_WARN_UNREACHABLE_CODE = YES;
				CLANG_WARN__DUPLICATE_METHOD_MATCH = YES;
				COPY_PHASE_STRIP = NO;
				DEBUG_INFORMATION_FORMAT = dwarf;
				ENABLE_STRICT_OBJC_MSGSEND = YES;
				ENABLE_TESTABILITY = YES;
				GCC_C_LANGUAGE_STANDARD = gnu11;
				GCC_DYNAMIC_NO_PIC = NO;
				GCC_NO_COMMON_BLOCKS = YES;
				GCC_OPTIMIZATION_LEVEL = 0;
				GCC_PREPROCESSOR_DEFINITIONS = (
					"DEBUG=1",
					"$(inherited)",
				);
				GCC_WARN_64_TO_32_BIT_CONVERSION = YES;
				GCC_WARN_ABOUT_RETURN_TYPE = YES_ERROR;
				GCC_WARN_UNDECLARED_SELECTOR = YES;
				GCC_WARN_UNINITIALIZED_AUTOS = YES_AGGRESSIVE;
				GCC_WARN_UNUSED_FUNCTION = YES;
				GCC_WARN_UNUSED_VARIABLE = YES;
				IPHONEOS_DEPLOYMENT_TARGET = 16.4;
				MTL_ENABLE_DEBUG_INFO = INCLUDE_SOURCE;
				MTL_FAST_MATH = YES;
				ONLY_ACTIVE_ARCH = YES;
				SDKROOT = iphoneos;
				SWIFT_ACTIVE_COMPILATION_CONDITIONS = DEBUG;
				SWIFT_OPTIMIZATION_LEVEL = "-Onone";
			};
			name = Debug;
		};
		D2CC3B522AC93C6D002A2783 /* Release */ = {
			isa = XCBuildConfiguration;
			buildSettings = {
				ALWAYS_SEARCH_USER_PATHS = NO;
				CLANG_ANALYZER_LOCALIZABILITY_NONLOCALIZED = YES;
				CLANG_ANALYZER_NONNULL = YES;
				CLANG_ANALYZER_NUMBER_OBJECT_CONVERSION = YES_AGGRESSIVE;
				CLANG_CXX_LANGUAGE_STANDARD = "gnu++20";
				CLANG_ENABLE_MODULES = YES;
				CLANG_ENABLE_OBJC_ARC = YES;
				CLANG_ENABLE_OBJC_WEAK = YES;
				CLANG_WARN_BLOCK_CAPTURE_AUTORELEASING = YES;
				CLANG_WARN_BOOL_CONVERSION = YES;
				CLANG_WARN_COMMA = YES;
				CLANG_WARN_CONSTANT_CONVERSION = YES;
				CLANG_WARN_DEPRECATED_OBJC_IMPLEMENTATIONS = YES;
				CLANG_WARN_DIRECT_OBJC_ISA_USAGE = YES_ERROR;
				CLANG_WARN_DOCUMENTATION_COMMENTS = YES;
				CLANG_WARN_EMPTY_BODY = YES;
				CLANG_WARN_ENUM_CONVERSION = YES;
				CLANG_WARN_INFINITE_RECURSION = YES;
				CLANG_WARN_INT_CONVERSION = YES;
				CLANG_WARN_NON_LITERAL_NULL_CONVERSION = YES;
				CLANG_WARN_OBJC_IMPLICIT_RETAIN_SELF = YES;
				CLANG_WARN_OBJC_LITERAL_CONVERSION = YES;
				CLANG_WARN_OBJC_ROOT_CLASS = YES_ERROR;
				CLANG_WARN_QUOTED_INCLUDE_IN_FRAMEWORK_HEADER = YES;
				CLANG_WARN_RANGE_LOOP_ANALYSIS = YES;
				CLANG_WARN_STRICT_PROTOTYPES = YES;
				CLANG_WARN_SUSPICIOUS_MOVE = YES;
				CLANG_WARN_UNGUARDED_AVAILABILITY = YES_AGGRESSIVE;
				CLANG_WARN_UNREACHABLE_CODE = YES;
				CLANG_WARN__DUPLICATE_METHOD_MATCH = YES;
				COPY_PHASE_STRIP = NO;
				DEBUG_INFORMATION_FORMAT = "dwarf-with-dsym";
				ENABLE_NS_ASSERTIONS = NO;
				ENABLE_STRICT_OBJC_MSGSEND = YES;
				GCC_C_LANGUAGE_STANDARD = gnu11;
				GCC_NO_COMMON_BLOCKS = YES;
				GCC_WARN_64_TO_32_BIT_CONVERSION = YES;
				GCC_WARN_ABOUT_RETURN_TYPE = YES_ERROR;
				GCC_WARN_UNDECLARED_SELECTOR = YES;
				GCC_WARN_UNINITIALIZED_AUTOS = YES_AGGRESSIVE;
				GCC_WARN_UNUSED_FUNCTION = YES;
				GCC_WARN_UNUSED_VARIABLE = YES;
				IPHONEOS_DEPLOYMENT_TARGET = 16.4;
				MTL_ENABLE_DEBUG_INFO = NO;
				MTL_FAST_MATH = YES;
				SDKROOT = iphoneos;
				SWIFT_COMPILATION_MODE = wholemodule;
				SWIFT_OPTIMIZATION_LEVEL = "-O";
				VALIDATE_PRODUCT = YES;
			};
			name = Release;
		};
		D2CC3B542AC93C6D002A2783 /* Debug */ = {
			isa = XCBuildConfiguration;
			buildSettings = {
				ASSETCATALOG_COMPILER_APPICON_NAME = AppIcon;
				ASSETCATALOG_COMPILER_GLOBAL_ACCENT_COLOR_NAME = AccentColor;
				CODE_SIGN_STYLE = Automatic;
				CURRENT_PROJECT_VERSION = 1;
				DEVELOPMENT_TEAM = MPGB3F283Q;
				GENERATE_INFOPLIST_FILE = YES;
				INFOPLIST_FILE = QiitaSearchIOSApp/Info.plist;
				INFOPLIST_KEY_UIApplicationSupportsIndirectInputEvents = YES;
				INFOPLIST_KEY_UILaunchStoryboardName = LaunchScreen;
				INFOPLIST_KEY_UIMainStoryboardFile = Main;
				INFOPLIST_KEY_UISupportedInterfaceOrientations_iPad = "UIInterfaceOrientationPortrait UIInterfaceOrientationPortraitUpsideDown UIInterfaceOrientationLandscapeLeft UIInterfaceOrientationLandscapeRight";
				INFOPLIST_KEY_UISupportedInterfaceOrientations_iPhone = "UIInterfaceOrientationPortrait UIInterfaceOrientationLandscapeLeft UIInterfaceOrientationLandscapeRight";
				LD_RUNPATH_SEARCH_PATHS = (
					"$(inherited)",
					"@executable_path/Frameworks",
				);
				MARKETING_VERSION = 1.0;
				PRODUCT_BUNDLE_IDENTIFIER = jp.matsuura.qiitaseachiosapp.QiitaSearchIOSApp;
				PRODUCT_NAME = "$(TARGET_NAME)";
				SWIFT_EMIT_LOC_STRINGS = YES;
				SWIFT_VERSION = 5.0;
				TARGETED_DEVICE_FAMILY = "1,2";
			};
			name = Debug;
		};
		D2CC3B552AC93C6D002A2783 /* Release */ = {
			isa = XCBuildConfiguration;
			buildSettings = {
				ASSETCATALOG_COMPILER_APPICON_NAME = AppIcon;
				ASSETCATALOG_COMPILER_GLOBAL_ACCENT_COLOR_NAME = AccentColor;
				CODE_SIGN_STYLE = Automatic;
				CURRENT_PROJECT_VERSION = 1;
				DEVELOPMENT_TEAM = MPGB3F283Q;
				GENERATE_INFOPLIST_FILE = YES;
				INFOPLIST_FILE = QiitaSearchIOSApp/Info.plist;
				INFOPLIST_KEY_UIApplicationSupportsIndirectInputEvents = YES;
				INFOPLIST_KEY_UILaunchStoryboardName = LaunchScreen;
				INFOPLIST_KEY_UIMainStoryboardFile = Main;
				INFOPLIST_KEY_UISupportedInterfaceOrientations_iPad = "UIInterfaceOrientationPortrait UIInterfaceOrientationPortraitUpsideDown UIInterfaceOrientationLandscapeLeft UIInterfaceOrientationLandscapeRight";
				INFOPLIST_KEY_UISupportedInterfaceOrientations_iPhone = "UIInterfaceOrientationPortrait UIInterfaceOrientationLandscapeLeft UIInterfaceOrientationLandscapeRight";
				LD_RUNPATH_SEARCH_PATHS = (
					"$(inherited)",
					"@executable_path/Frameworks",
				);
				MARKETING_VERSION = 1.0;
				PRODUCT_BUNDLE_IDENTIFIER = jp.matsuura.qiitaseachiosapp.QiitaSearchIOSApp;
				PRODUCT_NAME = "$(TARGET_NAME)";
				SWIFT_EMIT_LOC_STRINGS = YES;
				SWIFT_VERSION = 5.0;
				TARGETED_DEVICE_FAMILY = "1,2";
			};
			name = Release;
		};
/* End XCBuildConfiguration section */

/* Begin XCConfigurationList section */
		D2CC3B3A2AC93C66002A2783 /* Build configuration list for PBXProject "QiitaSearchIOSApp" */ = {
			isa = XCConfigurationList;
			buildConfigurations = (
				D2CC3B512AC93C6D002A2783 /* Debug */,
				D2CC3B522AC93C6D002A2783 /* Release */,
			);
			defaultConfigurationIsVisible = 0;
			defaultConfigurationName = Release;
		};
		D2CC3B532AC93C6D002A2783 /* Build configuration list for PBXNativeTarget "QiitaSearchIOSApp" */ = {
			isa = XCConfigurationList;
			buildConfigurations = (
				D2CC3B542AC93C6D002A2783 /* Debug */,
				D2CC3B552AC93C6D002A2783 /* Release */,
			);
			defaultConfigurationIsVisible = 0;
			defaultConfigurationName = Release;
		};
/* End XCConfigurationList section */

/* Begin XCRemoteSwiftPackageReference section */
		D21538E52AC99CC10012C2CE /* XCRemoteSwiftPackageReference "Nuke" */ = {
			isa = XCRemoteSwiftPackageReference;
			repositoryURL = "https://github.com/kean/Nuke.git";
			requirement = {
				kind = upToNextMajorVersion;
				minimumVersion = 12.0.0;
			};
		};
/* End XCRemoteSwiftPackageReference section */

/* Begin XCSwiftPackageProductDependency section */
		D21538E62AC99CC10012C2CE /* Nuke */ = {
			isa = XCSwiftPackageProductDependency;
			package = D21538E52AC99CC10012C2CE /* XCRemoteSwiftPackageReference "Nuke" */;
			productName = Nuke;
		};
		D21538E82AC99CC10012C2CE /* NukeExtensions */ = {
			isa = XCSwiftPackageProductDependency;
			package = D21538E52AC99CC10012C2CE /* XCRemoteSwiftPackageReference "Nuke" */;
			productName = NukeExtensions;
		};
/* End XCSwiftPackageProductDependency section */
	};
	rootObject = D2CC3B372AC93C66002A2783 /* Project object */;
}
